
Microsoft Visual Studio Solution File, Format Version 12.00
# Visual Studio Version 16
VisualStudioVersion = 16.0.31205.134
MinimumVisualStudioVersion = 10.0.40219.1
Project("{FAE04EC0-301F-11D3-BF4B-00C04F79EFBC}") = "FootballScoreBoard.Tests", "FootballScoreBoard.Tests\FootballScoreBoard.Tests.csproj", "{485C769D-0B9F-435D-BE3D-85C6E10B7E22}"
EndProject
Project("{FAE04EC0-301F-11D3-BF4B-00C04F79EFBC}") = "FSBServer", "FSBServer\FSBServer.csproj", "{2218A6AE-DF2D-4BE9-AFF0-F5684DCFA85D}"
EndProject
Global
	GlobalSection(SolutionConfigurationPlatforms) = preSolution
		Debug|Any CPU = Debug|Any CPU
		Release|Any CPU = Release|Any CPU
	EndGlobalSection
	GlobalSection(ProjectConfigurationPlatforms) = postSolution
		{485C769D-0B9F-435D-BE3D-85C6E10B7E22}.Debug|Any CPU.ActiveCfg = Debug|Any CPU
		{485C769D-0B9F-435D-BE3D-85C6E10B7E22}.Debug|Any CPU.Build.0 = Debug|Any CPU
		{485C769D-0B9F-435D-BE3D-85C6E10B7E22}.Release|Any CPU.ActiveCfg = Release|Any CPU
		{485C769D-0B9F-435D-BE3D-85C6E10B7E22}.Release|Any CPU.Build.0 = Release|Any CPU
		{2218A6AE-DF2D-4BE9-AFF0-F5684DCFA85D}.Debug|Any CPU.ActiveCfg = Debug|Any CPU
		{2218A6AE-DF2D-4BE9-AFF0-F5684DCFA85D}.Debug|Any CPU.Build.0 = Debug|Any CPU
		{2218A6AE-DF2D-4BE9-AFF0-F5684DCFA85D}.Release|Any CPU.ActiveCfg = Release|Any CPU
		{2218A6AE-DF2D-4BE9-AFF0-F5684DCFA85D}.Release|Any CPU.Build.0 = Release|Any CPU
	EndGlobalSection
	GlobalSection(SolutionProperties) = preSolution
		HideSolutionNode = FALSE
	EndGlobalSection
	GlobalSection(ExtensibilityGlobals) = postSolution
		SolutionGuid = {5415105C-D99A-40DC-9489-31DDFA3BE05A}
	EndGlobalSection
EndGlobal
